// !$*UTF8*$!
{
	archiveVersion = 1;
	classes = {
	};
	objectVersion = 56;
	objects = {

/* Begin PBXBuildFile section */
		A0CE9A182CD38C81008B405C /* JZegoCall.h in Headers */ = {isa = PBXBuildFile; fileRef = A0CE9A172CD38C81008B405C /* JZegoCall.h */; settings = {ATTRIBUTES = (Public, ); }; };
		A0CE9A202CD38CC6008B405C /* JuggleIM.framework in Frameworks */ = {isa = PBXBuildFile; fileRef = A0CE9A1F2CD38CC6008B405C /* JuggleIM.framework */; };
		A0CE9A222CD38EE7008B405C /* ZegoExpressEngine.xcframework in Frameworks */ = {isa = PBXBuildFile; fileRef = A0CE9A212CD38EE7008B405C /* ZegoExpressEngine.xcframework */; };
		A0CE9A252CD38F39008B405C /* JCallMediaZegoEngine.h in Headers */ = {isa = PBXBuildFile; fileRef = A0CE9A232CD38F39008B405C /* JCallMediaZegoEngine.h */; };
		A0CE9A262CD38F39008B405C /* JCallMediaZegoEngine.m in Sources */ = {isa = PBXBuildFile; fileRef = A0CE9A242CD38F39008B405C /* JCallMediaZegoEngine.m */; };
/* End PBXBuildFile section */

/* Begin PBXFileReference section */
		A0CE9A142CD38C81008B405C /* JZegoCall.framework */ = {isa = PBXFileReference; explicitFileType = wrapper.framework; includeInIndex = 0; path = JZegoCall.framework; sourceTree = BUILT_PRODUCTS_DIR; };
		A0CE9A172CD38C81008B405C /* JZegoCall.h */ = {isa = PBXFileReference; lastKnownFileType = sourcecode.c.h; path = JZegoCall.h; sourceTree = "<group>"; };
		A0CE9A1F2CD38CC6008B405C /* JuggleIM.framework */ = {isa = PBXFileReference; explicitFileType = wrapper.framework; path = JuggleIM.framework; sourceTree = BUILT_PRODUCTS_DIR; };
		A0CE9A212CD38EE7008B405C /* ZegoExpressEngine.xcframework */ = {isa = PBXFileReference; lastKnownFileType = wrapper.xcframework; name = ZegoExpressEngine.xcframework; path = framework/ZegoExpressEngine.xcframework; sourceTree = "<group>"; };
		A0CE9A232CD38F39008B405C /* JCallMediaZegoEngine.h */ = {isa = PBXFileReference; lastKnownFileType = sourcecode.c.h; path = JCallMediaZegoEngine.h; sourceTree = "<group>"; };
		A0CE9A242CD38F39008B405C /* JCallMediaZegoEngine.m */ = {isa = PBXFileReference; lastKnownFileType = sourcecode.c.objc; path = JCallMediaZegoEngine.m; sourceTree = "<group>"; };
/* End PBXFileReference section */

/* Begin PBXFrameworksBuildPhase section */
		A0CE9A112CD38C81008B405C /* Frameworks */ = {
			isa = PBXFrameworksBuildPhase;
			buildActionMask = 2147483647;
			files = (
				A0CE9A222CD38EE7008B405C /* ZegoExpressEngine.xcframework in Frameworks */,
				A0CE9A202CD38CC6008B405C /* JuggleIM.framework in Frameworks */,
			);
			runOnlyForDeploymentPostprocessing = 0;
		};
/* End PBXFrameworksBuildPhase section */

/* Begin PBXGroup section */
		A0CE9A0A2CD38C81008B405C = {
			isa = PBXGroup;
			children = (
				A0CE9A162CD38C81008B405C /* JZegoCall */,
				A0CE9A152CD38C81008B405C /* Products */,
				A0CE9A1E2CD38CC6008B405C /* Frameworks */,
			);
			sourceTree = "<group>";
		};
		A0CE9A152CD38C81008B405C /* Products */ = {
			isa = PBXGroup;
			children = (
				A0CE9A142CD38C81008B405C /* JZegoCall.framework */,
			);
			name = Products;
			sourceTree = "<group>";
		};
		A0CE9A162CD38C81008B405C /* JZegoCall */ = {
			isa = PBXGroup;
			children = (
				A0CE9A172CD38C81008B405C /* JZegoCall.h */,
				A0CE9A232CD38F39008B405C /* JCallMediaZegoEngine.h */,
				A0CE9A242CD38F39008B405C /* JCallMediaZegoEngine.m */,
			);
			path = JZegoCall;
			sourceTree = "<group>";
		};
		A0CE9A1E2CD38CC6008B405C /* Frameworks */ = {
			isa = PBXGroup;
			children = (
				A0CE9A212CD38EE7008B405C /* ZegoExpressEngine.xcframework */,
				A0CE9A1F2CD38CC6008B405C /* JuggleIM.framework */,
			);
			name = Frameworks;
			sourceTree = "<group>";
		};
/* End PBXGroup section */

/* Begin PBXHeadersBuildPhase section */
		A0CE9A0F2CD38C81008B405C /* Headers */ = {
			isa = PBXHeadersBuildPhase;
			buildActionMask = 2147483647;
			files = (
				A0CE9A182CD38C81008B405C /* JZegoCall.h in Headers */,
				A0CE9A252CD38F39008B405C /* JCallMediaZegoEngine.h in Headers */,
			);
			runOnlyForDeploymentPostprocessing = 0;
		};
/* End PBXHeadersBuildPhase section */

/* Begin PBXNativeTarget section */
		A0CE9A132CD38C81008B405C /* JZegoCall */ = {
			isa = PBXNativeTarget;
			buildConfigurationList = A0CE9A1B2CD38C81008B405C /* Build configuration list for PBXNativeTarget "JZegoCall" */;
			buildPhases = (
				A0CE9A0F2CD38C81008B405C /* Headers */,
				A0CE9A102CD38C81008B405C /* Sources */,
				A0CE9A112CD38C81008B405C /* Frameworks */,
				A0CE9A122CD38C81008B405C /* Resources */,
			);
			buildRules = (
			);
			dependencies = (
			);
			name = JZegoCall;
			productName = JZegoCall;
			productReference = A0CE9A142CD38C81008B405C /* JZegoCall.framework */;
			productType = "com.apple.product-type.framework";
		};
/* End PBXNativeTarget section */

/* Begin PBXProject section */
		A0CE9A0B2CD38C81008B405C /* Project object */ = {
			isa = PBXProject;
			attributes = {
				BuildIndependentTargetsInParallel = 1;
				LastUpgradeCheck = 1540;
				TargetAttributes = {
					A0CE9A132CD38C81008B405C = {
						CreatedOnToolsVersion = 15.4;
					};
				};
			};
			buildConfigurationList = A0CE9A0E2CD38C81008B405C /* Build configuration list for PBXProject "JZegoCall" */;
			compatibilityVersion = "Xcode 14.0";
			developmentRegion = en;
			hasScannedForEncodings = 0;
			knownRegions = (
				en,
				Base,
			);
			mainGroup = A0CE9A0A2CD38C81008B405C;
			productRefGroup = A0CE9A152CD38C81008B405C /* Products */;
			projectDirPath = "";
			projectRoot = "";
			targets = (
				A0CE9A132CD38C81008B405C /* JZegoCall */,
			);
		};
/* End PBXProject section */

/* Begin PBXResourcesBuildPhase section */
		A0CE9A122CD38C81008B405C /* Resources */ = {
			isa = PBXResourcesBuildPhase;
			buildActionMask = 2147483647;
			files = (
			);
			runOnlyForDeploymentPostprocessing = 0;
		};
/* End PBXResourcesBuildPhase section */

/* Begin PBXSourcesBuildPhase section */
		A0CE9A102CD38C81008B405C /* Sources */ = {
			isa = PBXSourcesBuildPhase;
			buildActionMask = 2147483647;
			files = (
				A0CE9A262CD38F39008B405C /* JCallMediaZegoEngine.m in Sources */,
			);
			runOnlyForDeploymentPostprocessing = 0;
		};
/* End PBXSourcesBuildPhase section */

/* Begin XCBuildConfiguration section */
		A0CE9A192CD38C81008B405C /* Debug */ = {
			isa = XCBuildConfiguration;
			buildSettings = {
				ALWAYS_SEARCH_USER_PATHS = NO;
				ASSETCATALOG_COMPILER_GENERATE_SWIFT_ASSET_SYMBOL_EXTENSIONS = YES;
				CLANG_ANALYZER_NONNULL = YES;
				CLANG_ANALYZER_NUMBER_OBJECT_CONVERSION = YES_AGGRESSIVE;
				CLANG_CXX_LANGUAGE_STANDARD = "gnu++20";
				CLANG_ENABLE_MODULES = YES;
				CLANG_ENABLE_OBJC_ARC = YES;
				CLANG_ENABLE_OBJC_WEAK = YES;
				CLANG_WARN_BLOCK_CAPTURE_AUTORELEASING = YES;
				CLANG_WARN_BOOL_CONVERSION = YES;
				CLANG_WARN_COMMA = YES;
				CLANG_WARN_CONSTANT_CONVERSION = YES;
				CLANG_WARN_DEPRECATED_OBJC_IMPLEMENTATIONS = YES;
				CLANG_WARN_DIRECT_OBJC_ISA_USAGE = YES_ERROR;
				CLANG_WARN_DOCUMENTATION_COMMENTS = YES;
				CLANG_WARN_EMPTY_BODY = YES;
				CLANG_WARN_ENUM_CONVERSION = YES;
				CLANG_WARN_INFINITE_RECURSION = YES;
				CLANG_WARN_INT_CONVERSION = YES;
				CLANG_WARN_NON_LITERAL_NULL_CONVERSION = YES;
				CLANG_WARN_OBJC_IMPLICIT_RETAIN_SELF = YES;
				CLANG_WARN_OBJC_LITERAL_CONVERSION = YES;
				CLANG_WARN_OBJC_ROOT_CLASS = YES_ERROR;
				CLANG_WARN_QUOTED_INCLUDE_IN_FRAMEWORK_HEADER = YES;
				CLANG_WARN_RANGE_LOOP_ANALYSIS = YES;
				CLANG_WARN_STRICT_PROTOTYPES = YES;
				CLANG_WARN_SUSPICIOUS_MOVE = YES;
				CLANG_WARN_UNGUARDED_AVAILABILITY = YES_AGGRESSIVE;
				CLANG_WARN_UNREACHABLE_CODE = YES;
				CLANG_WARN__DUPLICATE_METHOD_MATCH = YES;
				COPY_PHASE_STRIP = NO;
				CURRENT_PROJECT_VERSION = 1;
				DEBUG_INFORMATION_FORMAT = dwarf;
				ENABLE_STRICT_OBJC_MSGSEND = YES;
				ENABLE_TESTABILITY = YES;
				ENABLE_USER_SCRIPT_SANDBOXING = YES;
				GCC_C_LANGUAGE_STANDARD = gnu17;
				GCC_DYNAMIC_NO_PIC = NO;
				GCC_NO_COMMON_BLOCKS = YES;
				GCC_OPTIMIZATION_LEVEL = 0;
				GCC_PREPROCESSOR_DEFINITIONS = (
					"DEBUG=1",
					"$(inherited)",
				);
				GCC_WARN_64_TO_32_BIT_CONVERSION = YES;
				GCC_WARN_ABOUT_RETURN_TYPE = YES_ERROR;
				GCC_WARN_UNDECLARED_SELECTOR = YES;
				GCC_WARN_UNINITIALIZED_AUTOS = YES_AGGRESSIVE;
				GCC_WARN_UNUSED_FUNCTION = YES;
				GCC_WARN_UNUSED_VARIABLE = YES;
				IPHONEOS_DEPLOYMENT_TARGET = 17.5;
				LOCALIZATION_PREFERS_STRING_CATALOGS = YES;
				MTL_ENABLE_DEBUG_INFO = INCLUDE_SOURCE;
				MTL_FAST_MATH = YES;
				ONLY_ACTIVE_ARCH = YES;
				SDKROOT = iphoneos;
				VERSIONING_SYSTEM = "apple-generic";
				VERSION_INFO_PREFIX = "";
			};
			name = Debug;
		};
		A0CE9A1A2CD38C81008B405C /* Release */ = {
			isa = XCBuildConfiguration;
			buildSettings = {
				ALWAYS_SEARCH_USER_PATHS = NO;
				ASSETCATALOG_COMPILER_GENERATE_SWIFT_ASSET_SYMBOL_EXTENSIONS = YES;
				CLANG_ANALYZER_NONNULL = YES;
				CLANG_ANALYZER_NUMBER_OBJECT_CONVERSION = YES_AGGRESSIVE;
				CLANG_CXX_LANGUAGE_STANDARD = "gnu++20";
				CLANG_ENABLE_MODULES = YES;
				CLANG_ENABLE_OBJC_ARC = YES;
				CLANG_ENABLE_OBJC_WEAK = YES;
				CLANG_WARN_BLOCK_CAPTURE_AUTORELEASING = YES;
				CLANG_WARN_BOOL_CONVERSION = YES;
				CLANG_WARN_COMMA = YES;
				CLANG_WARN_CONSTANT_CONVERSION = YES;
				CLANG_WARN_DEPRECATED_OBJC_IMPLEMENTATIONS = YES;
				CLANG_WARN_DIRECT_OBJC_ISA_USAGE = YES_ERROR;
				CLANG_WARN_DOCUMENTATION_COMMENTS = YES;
				CLANG_WARN_EMPTY_BODY = YES;
				CLANG_WARN_ENUM_CONVERSION = YES;
				CLANG_WARN_INFINITE_RECURSION = YES;
				CLANG_WARN_INT_CONVERSION = YES;
				CLANG_WARN_NON_LITERAL_NULL_CONVERSION = YES;
				CLANG_WARN_OBJC_IMPLICIT_RETAIN_SELF = YES;
				CLANG_WARN_OBJC_LITERAL_CONVERSION = YES;
				CLANG_WARN_OBJC_ROOT_CLASS = YES_ERROR;
				CLANG_WARN_QUOTED_INCLUDE_IN_FRAMEWORK_HEADER = YES;
				CLANG_WARN_RANGE_LOOP_ANALYSIS = YES;
				CLANG_WARN_STRICT_PROTOTYPES = YES;
				CLANG_WARN_SUSPICIOUS_MOVE = YES;
				CLANG_WARN_UNGUARDED_AVAILABILITY = YES_AGGRESSIVE;
				CLANG_WARN_UNREACHABLE_CODE = YES;
				CLANG_WARN__DUPLICATE_METHOD_MATCH = YES;
				COPY_PHASE_STRIP = NO;
				CURRENT_PROJECT_VERSION = 1;
				DEBUG_INFORMATION_FORMAT = "dwarf-with-dsym";
				ENABLE_NS_ASSERTIONS = NO;
				ENABLE_STRICT_OBJC_MSGSEND = YES;
				ENABLE_USER_SCRIPT_SANDBOXING = YES;
				GCC_C_LANGUAGE_STANDARD = gnu17;
				GCC_NO_COMMON_BLOCKS = YES;
				GCC_WARN_64_TO_32_BIT_CONVERSION = YES;
				GCC_WARN_ABOUT_RETURN_TYPE = YES_ERROR;
				GCC_WARN_UNDECLARED_SELECTOR = YES;
				GCC_WARN_UNINITIALIZED_AUTOS = YES_AGGRESSIVE;
				GCC_WARN_UNUSED_FUNCTION = YES;
				GCC_WARN_UNUSED_VARIABLE = YES;
				IPHONEOS_DEPLOYMENT_TARGET = 17.5;
				LOCALIZATION_PREFERS_STRING_CATALOGS = YES;
				MTL_ENABLE_DEBUG_INFO = NO;
				MTL_FAST_MATH = YES;
				SDKROOT = iphoneos;
				VALIDATE_PRODUCT = YES;
				VERSIONING_SYSTEM = "apple-generic";
				VERSION_INFO_PREFIX = "";
			};
			name = Release;
		};
		A0CE9A1C2CD38C81008B405C /* Debug */ = {
			isa = XCBuildConfiguration;
			buildSettings = {
				CODE_SIGN_STYLE = Automatic;
				CURRENT_PROJECT_VERSION = 1;
				DEFINES_MODULE = YES;
				DEVELOPMENT_TEAM = ZCU438AGJ6;
				DYLIB_COMPATIBILITY_VERSION = 1;
				DYLIB_CURRENT_VERSION = 1;
				DYLIB_INSTALL_NAME_BASE = "@rpath";
				ENABLE_MODULE_VERIFIER = YES;
				GENERATE_INFOPLIST_FILE = YES;
				INFOPLIST_KEY_NSHumanReadableCopyright = "";
				INSTALL_PATH = "$(LOCAL_LIBRARY_DIR)/Frameworks";
				LD_RUNPATH_SEARCH_PATHS = (
					"$(inherited)",
					"@executable_path/Frameworks",
					"@loader_path/Frameworks",
				);
				MACH_O_TYPE = staticlib;
				MARKETING_VERSION = 1.0;
				MODULE_VERIFIER_SUPPORTED_LANGUAGES = "objective-c objective-c++";
				MODULE_VERIFIER_SUPPORTED_LANGUAGE_STANDARDS = "gnu17 gnu++20";
				PRODUCT_BUNDLE_IDENTIFIER = com.juggle.im.JZegoCall;
				PRODUCT_NAME = "$(TARGET_NAME:c99extidentifier)";
				SKIP_INSTALL = YES;
				SWIFT_EMIT_LOC_STRINGS = YES;
				TARGETED_DEVICE_FAMILY = "1,2";
			};
			name = Debug;
		};
		A0CE9A1D2CD38C81008B405C /* Release */ = {
			isa = XCBuildConfiguration;
			buildSettings = {
				CODE_SIGN_STYLE = Automatic;
				CURRENT_PROJECT_VERSION = 1;
				DEFINES_MODULE = YES;
				DEVELOPMENT_TEAM = ZCU438AGJ6;
				DYLIB_COMPATIBILITY_VERSION = 1;
				DYLIB_CURRENT_VERSION = 1;
				DYLIB_INSTALL_NAME_BASE = "@rpath";
				ENABLE_MODULE_VERIFIER = YES;
				GENERATE_INFOPLIST_FILE = YES;
				INFOPLIST_KEY_NSHumanReadableCopyright = "";
				INSTALL_PATH = "$(LOCAL_LIBRARY_DIR)/Frameworks";
				LD_RUNPATH_SEARCH_PATHS = (
					"$(inherited)",
					"@executable_path/Frameworks",
					"@loader_path/Frameworks",
				);
				MACH_O_TYPE = staticlib;
				MARKETING_VERSION = 1.0;
				MODULE_VERIFIER_SUPPORTED_LANGUAGES = "objective-c objective-c++";
				MODULE_VERIFIER_SUPPORTED_LANGUAGE_STANDARDS = "gnu17 gnu++20";
				PRODUCT_BUNDLE_IDENTIFIER = com.juggle.im.JZegoCall;
				PRODUCT_NAME = "$(TARGET_NAME:c99extidentifier)";
				SKIP_INSTALL = YES;
				SWIFT_EMIT_LOC_STRINGS = YES;
				TARGETED_DEVICE_FAMILY = "1,2";
			};
			name = Release;
		};
/* End XCBuildConfiguration section */

/* Begin XCConfigurationList section */
		A0CE9A0E2CD38C81008B405C /* Build configuration list for PBXProject "JZegoCall" */ = {
			isa = XCConfigurationList;
			buildConfigurations = (
				A0CE9A192CD38C81008B405C /* Debug */,
				A0CE9A1A2CD38C81008B405C /* Release */,
			);
			defaultConfigurationIsVisible = 0;
			defaultConfigurationName = Release;
		};
		A0CE9A1B2CD38C81008B405C /* Build configuration list for PBXNativeTarget "JZegoCall" */ = {
			isa = XCConfigurationList;
			buildConfigurations = (
				A0CE9A1C2CD38C81008B405C /* Debug */,
				A0CE9A1D2CD38C81008B405C /* Release */,
			);
			defaultConfigurationIsVisible = 0;
			defaultConfigurationName = Release;
		};
/* End XCConfigurationList section */
	};
	rootObject = A0CE9A0B2CD38C81008B405C /* Project object */;
}
